
Microsoft Visual Studio Solution File, Format Version 12.00
# Visual Studio Version 16
VisualStudioVersion = 16.0.33130.400
MinimumVisualStudioVersion = 10.0.40219.1
Project("{FAE04EC0-301F-11D3-BF4B-00C04F79EFBC}") = "HelloAPI", "HelloAPI\HelloAPI.csproj", "{87310D0A-3184-4917-82D5-C74C3D997057}"
EndProject
Global
	GlobalSection(SolutionConfigurationPlatforms) = preSolution
		Debug|Any CPU = Debug|Any CPU
		Release|Any CPU = Release|Any CPU
	EndGlobalSection
	GlobalSection(ProjectConfigurationPlatforms) = postSolution
		{87310D0A-3184-4917-82D5-C74C3D997057}.Debug|Any CPU.ActiveCfg = Debug|Any CPU
		{87310D0A-3184-4917-82D5-C74C3D997057}.Debug|Any CPU.Build.0 = Debug|Any CPU
		{87310D0A-3184-4917-82D5-C74C3D997057}.Release|Any CPU.ActiveCfg = Release|Any CPU
		{87310D0A-3184-4917-82D5-C74C3D997057}.Release|Any CPU.Build.0 = Release|Any CPU
	EndGlobalSection
	GlobalSection(SolutionProperties) = preSolution
		HideSolutionNode = FALSE
	EndGlobalSection
	GlobalSection(ExtensibilityGlobals) = postSolution
		SolutionGuid = {8076A094-D53D-4447-8C2D-E631BFC83E9F}
	EndGlobalSection
EndGlobal
